
Microsoft Visual Studio Solution File, Format Version 12.00
# Visual Studio Version 17
VisualStudioVersion = 17.4.33403.182
MinimumVisualStudioVersion = 10.0.40219.1
Project("{9A19103F-16F7-4668-BE54-9A1E7A4F7556}") = "Model", "Model\Model.csproj", "{D9F2BDF7-83ED-47A0-B685-B2217914D088}"
EndProject
Project("{9A19103F-16F7-4668-BE54-9A1E7A4F7556}") = "EndToEndTest", "ExecutionEnv\EndToEndTest.csproj", "{D2F0A931-8D7A-4471-A19E-15441790950D}"
EndProject
Project("{9A19103F-16F7-4668-BE54-9A1E7A4F7556}") = "Test", "UnitTest\Test.csproj", "{590277AE-3563-49CC-95AA-D124109E61F5}"
EndProject
Project("{9A19103F-16F7-4668-BE54-9A1E7A4F7556}") = "Engine", "Engine\Engine.csproj", "{01D7A0E1-EB8D-45A2-A8ED-0FC8A608D2F2}"
EndProject
Global
	GlobalSection(SolutionConfigurationPlatforms) = preSolution
		Debug|Any CPU = Debug|Any CPU
		Release|Any CPU = Release|Any CPU
	EndGlobalSection
	GlobalSection(ProjectConfigurationPlatforms) = postSolution
		{D9F2BDF7-83ED-47A0-B685-B2217914D088}.Debug|Any CPU.ActiveCfg = Debug|Any CPU
		{D9F2BDF7-83ED-47A0-B685-B2217914D088}.Debug|Any CPU.Build.0 = Debug|Any CPU
		{D9F2BDF7-83ED-47A0-B685-B2217914D088}.Release|Any CPU.ActiveCfg = Release|Any CPU
		{D9F2BDF7-83ED-47A0-B685-B2217914D088}.Release|Any CPU.Build.0 = Release|Any CPU
		{D2F0A931-8D7A-4471-A19E-15441790950D}.Debug|Any CPU.ActiveCfg = Debug|Any CPU
		{D2F0A931-8D7A-4471-A19E-15441790950D}.Debug|Any CPU.Build.0 = Debug|Any CPU
		{D2F0A931-8D7A-4471-A19E-15441790950D}.Release|Any CPU.ActiveCfg = Release|Any CPU
		{D2F0A931-8D7A-4471-A19E-15441790950D}.Release|Any CPU.Build.0 = Release|Any CPU
		{590277AE-3563-49CC-95AA-D124109E61F5}.Debug|Any CPU.ActiveCfg = Debug|Any CPU
		{590277AE-3563-49CC-95AA-D124109E61F5}.Debug|Any CPU.Build.0 = Debug|Any CPU
		{590277AE-3563-49CC-95AA-D124109E61F5}.Release|Any CPU.ActiveCfg = Release|Any CPU
		{590277AE-3563-49CC-95AA-D124109E61F5}.Release|Any CPU.Build.0 = Release|Any CPU
		{01D7A0E1-EB8D-45A2-A8ED-0FC8A608D2F2}.Debug|Any CPU.ActiveCfg = Debug|Any CPU
		{01D7A0E1-EB8D-45A2-A8ED-0FC8A608D2F2}.Debug|Any CPU.Build.0 = Debug|Any CPU
		{01D7A0E1-EB8D-45A2-A8ED-0FC8A608D2F2}.Release|Any CPU.ActiveCfg = Release|Any CPU
		{01D7A0E1-EB8D-45A2-A8ED-0FC8A608D2F2}.Release|Any CPU.Build.0 = Release|Any CPU
	EndGlobalSection
	GlobalSection(SolutionProperties) = preSolution
		HideSolutionNode = FALSE
	EndGlobalSection
	GlobalSection(ExtensibilityGlobals) = postSolution
		SolutionGuid = {9AFB6518-133D-4C45-B722-525702DCCE11}
	EndGlobalSection
EndGlobal
